
Microsoft Visual Studio Solution File, Format Version 12.00
# Visual Studio Version 16
VisualStudioVersion = 16.0.30711.63
MinimumVisualStudioVersion = 10.0.40219.1
Project("{FAE04EC0-301F-11D3-BF4B-00C04F79EFBC}") = "PIMTool", "PIMTool.csproj", "{A94E3878-17B7-454F-A35B-99231DC2168D}"
EndProject
Project("{FAE04EC0-301F-11D3-BF4B-00C04F79EFBC}") = "PIMToolTest", "..\PIMToolTest\PIMToolTest.csproj", "{C61EA013-F56E-4F73-BAC6-B11BB03B3292}"
EndProject
Global
	GlobalSection(SolutionConfigurationPlatforms) = preSolution
		Debug|Any CPU = Debug|Any CPU
		Release|Any CPU = Release|Any CPU
	EndGlobalSection
	GlobalSection(ProjectConfigurationPlatforms) = postSolution
		{A94E3878-17B7-454F-A35B-99231DC2168D}.Debug|Any CPU.ActiveCfg = Debug|Any CPU
		{A94E3878-17B7-454F-A35B-99231DC2168D}.Debug|Any CPU.Build.0 = Debug|Any CPU
		{A94E3878-17B7-454F-A35B-99231DC2168D}.Release|Any CPU.ActiveCfg = Release|Any CPU
		{A94E3878-17B7-454F-A35B-99231DC2168D}.Release|Any CPU.Build.0 = Release|Any CPU
		{C61EA013-F56E-4F73-BAC6-B11BB03B3292}.Debug|Any CPU.ActiveCfg = Debug|Any CPU
		{C61EA013-F56E-4F73-BAC6-B11BB03B3292}.Debug|Any CPU.Build.0 = Debug|Any CPU
		{C61EA013-F56E-4F73-BAC6-B11BB03B3292}.Release|Any CPU.ActiveCfg = Release|Any CPU
		{C61EA013-F56E-4F73-BAC6-B11BB03B3292}.Release|Any CPU.Build.0 = Release|Any CPU
	EndGlobalSection
	GlobalSection(SolutionProperties) = preSolution
		HideSolutionNode = FALSE
	EndGlobalSection
	GlobalSection(ExtensibilityGlobals) = postSolution
		SolutionGuid = {0143880A-53DF-4FED-ACDA-809F190D4B9E}
	EndGlobalSection
EndGlobal
